
Microsoft Visual Studio Solution File, Format Version 12.00
# Visual Studio Version 16
VisualStudioVersion = 25.0.1705.4
MinimumVisualStudioVersion = 10.0.40219.1
Project("{FAE04EC0-301F-11D3-BF4B-00C04F79EFBC}") = "TodoGuru.Android", "TodoGuru\TodoGuru.Android\TodoGuru.Android.csproj", "{212D7236-8E56-40F8-B7EA-D6BC810E3FB2}"
EndProject
Project("{FAE04EC0-301F-11D3-BF4B-00C04F79EFBC}") = "TodoGuru.iOS", "TodoGuru\TodoGuru.iOS\TodoGuru.iOS.csproj", "{F42CDD4B-1711-4A00-A5D9-EE8771A398FE}"
EndProject
Project("{FAE04EC0-301F-11D3-BF4B-00C04F79EFBC}") = "TodoGuru", "TodoGuru\TodoGuru\TodoGuru.csproj", "{35A5AA03-686B-4B86-A23F-6833472A4D98}"
EndProject
Global
	GlobalSection(SolutionConfigurationPlatforms) = preSolution
		Debug|Any CPU = Debug|Any CPU
		Release|Any CPU = Release|Any CPU
		Debug|iPhoneSimulator = Debug|iPhoneSimulator
		Release|iPhoneSimulator = Release|iPhoneSimulator
		Debug|iPhone = Debug|iPhone
		Release|iPhone = Release|iPhone
	EndGlobalSection
	GlobalSection(ProjectConfigurationPlatforms) = postSolution
		{212D7236-8E56-40F8-B7EA-D6BC810E3FB2}.Debug|Any CPU.ActiveCfg = Debug|Any CPU
		{212D7236-8E56-40F8-B7EA-D6BC810E3FB2}.Debug|Any CPU.Build.0 = Debug|Any CPU
		{212D7236-8E56-40F8-B7EA-D6BC810E3FB2}.Release|Any CPU.ActiveCfg = Release|Any CPU
		{212D7236-8E56-40F8-B7EA-D6BC810E3FB2}.Release|Any CPU.Build.0 = Release|Any CPU
		{212D7236-8E56-40F8-B7EA-D6BC810E3FB2}.Debug|iPhoneSimulator.ActiveCfg = Debug|Any CPU
		{212D7236-8E56-40F8-B7EA-D6BC810E3FB2}.Debug|iPhoneSimulator.Build.0 = Debug|Any CPU
		{212D7236-8E56-40F8-B7EA-D6BC810E3FB2}.Release|iPhoneSimulator.ActiveCfg = Release|Any CPU
		{212D7236-8E56-40F8-B7EA-D6BC810E3FB2}.Release|iPhoneSimulator.Build.0 = Release|Any CPU
		{212D7236-8E56-40F8-B7EA-D6BC810E3FB2}.Debug|iPhone.ActiveCfg = Debug|Any CPU
		{212D7236-8E56-40F8-B7EA-D6BC810E3FB2}.Debug|iPhone.Build.0 = Debug|Any CPU
		{212D7236-8E56-40F8-B7EA-D6BC810E3FB2}.Release|iPhone.ActiveCfg = Release|Any CPU
		{212D7236-8E56-40F8-B7EA-D6BC810E3FB2}.Release|iPhone.Build.0 = Release|Any CPU
		{F42CDD4B-1711-4A00-A5D9-EE8771A398FE}.Debug|Any CPU.ActiveCfg = Debug|iPhoneSimulator
		{F42CDD4B-1711-4A00-A5D9-EE8771A398FE}.Debug|Any CPU.Build.0 = Debug|iPhoneSimulator
		{F42CDD4B-1711-4A00-A5D9-EE8771A398FE}.Release|Any CPU.ActiveCfg = Release|iPhoneSimulator
		{F42CDD4B-1711-4A00-A5D9-EE8771A398FE}.Release|Any CPU.Build.0 = Release|iPhoneSimulator
		{F42CDD4B-1711-4A00-A5D9-EE8771A398FE}.Debug|iPhoneSimulator.ActiveCfg = Debug|iPhoneSimulator
		{F42CDD4B-1711-4A00-A5D9-EE8771A398FE}.Debug|iPhoneSimulator.Build.0 = Debug|iPhoneSimulator
		{F42CDD4B-1711-4A00-A5D9-EE8771A398FE}.Release|iPhoneSimulator.ActiveCfg = Release|iPhoneSimulator
		{F42CDD4B-1711-4A00-A5D9-EE8771A398FE}.Release|iPhoneSimulator.Build.0 = Release|iPhoneSimulator
		{F42CDD4B-1711-4A00-A5D9-EE8771A398FE}.Debug|iPhone.ActiveCfg = Debug|iPhone
		{F42CDD4B-1711-4A00-A5D9-EE8771A398FE}.Debug|iPhone.Build.0 = Debug|iPhone
		{F42CDD4B-1711-4A00-A5D9-EE8771A398FE}.Release|iPhone.ActiveCfg = Release|iPhone
		{F42CDD4B-1711-4A00-A5D9-EE8771A398FE}.Release|iPhone.Build.0 = Release|iPhone
		{35A5AA03-686B-4B86-A23F-6833472A4D98}.Debug|Any CPU.ActiveCfg = Debug|Any CPU
		{35A5AA03-686B-4B86-A23F-6833472A4D98}.Debug|Any CPU.Build.0 = Debug|Any CPU
		{35A5AA03-686B-4B86-A23F-6833472A4D98}.Release|Any CPU.ActiveCfg = Release|Any CPU
		{35A5AA03-686B-4B86-A23F-6833472A4D98}.Release|Any CPU.Build.0 = Release|Any CPU
		{35A5AA03-686B-4B86-A23F-6833472A4D98}.Debug|iPhoneSimulator.ActiveCfg = Debug|Any CPU
		{35A5AA03-686B-4B86-A23F-6833472A4D98}.Debug|iPhoneSimulator.Build.0 = Debug|Any CPU
		{35A5AA03-686B-4B86-A23F-6833472A4D98}.Release|iPhoneSimulator.ActiveCfg = Release|Any CPU
		{35A5AA03-686B-4B86-A23F-6833472A4D98}.Release|iPhoneSimulator.Build.0 = Release|Any CPU
		{35A5AA03-686B-4B86-A23F-6833472A4D98}.Debug|iPhone.ActiveCfg = Debug|Any CPU
		{35A5AA03-686B-4B86-A23F-6833472A4D98}.Debug|iPhone.Build.0 = Debug|Any CPU
		{35A5AA03-686B-4B86-A23F-6833472A4D98}.Release|iPhone.ActiveCfg = Release|Any CPU
		{35A5AA03-686B-4B86-A23F-6833472A4D98}.Release|iPhone.Build.0 = Release|Any CPU
	EndGlobalSection
	GlobalSection(SolutionProperties) = preSolution
		HideSolutionNode = FALSE
	EndGlobalSection
	GlobalSection(ExtensibilityGlobals) = postSolution
		SolutionGuid = {C3CD75F7-87B6-4917-A605-9834911B3F25}
	EndGlobalSection
EndGlobal
